
Microsoft Visual Studio Solution File, Format Version 12.00
# Visual Studio Version 16
VisualStudioVersion = 25.0.1705.1
MinimumVisualStudioVersion = 10.0.40219.1
Project("{FAE04EC0-301F-11D3-BF4B-00C04F79EFBC}") = "Vasconcellos.Common.Results.Tests", "Vasconcellos.Common.Results.Tests\Vasconcellos.Common.Results.Tests.csproj", "{B9FA6941-0047-45E6-9676-EA382C7619EB}"
EndProject
Project("{FAE04EC0-301F-11D3-BF4B-00C04F79EFBC}") = "Vasconcellos.Common.Results", "Vasconcellos.Common.Results\Vasconcellos.Common.Results.csproj", "{3A33A315-47F6-4597-8F5E-C0F352771132}"
EndProject
Global
	GlobalSection(SolutionConfigurationPlatforms) = preSolution
		Debug|Any CPU = Debug|Any CPU
		Release|Any CPU = Release|Any CPU
	EndGlobalSection
	GlobalSection(ProjectConfigurationPlatforms) = postSolution
		{B9FA6941-0047-45E6-9676-EA382C7619EB}.Debug|Any CPU.ActiveCfg = Debug|Any CPU
		{B9FA6941-0047-45E6-9676-EA382C7619EB}.Debug|Any CPU.Build.0 = Debug|Any CPU
		{B9FA6941-0047-45E6-9676-EA382C7619EB}.Release|Any CPU.ActiveCfg = Release|Any CPU
		{B9FA6941-0047-45E6-9676-EA382C7619EB}.Release|Any CPU.Build.0 = Release|Any CPU
		{3A33A315-47F6-4597-8F5E-C0F352771132}.Debug|Any CPU.ActiveCfg = Debug|Any CPU
		{3A33A315-47F6-4597-8F5E-C0F352771132}.Debug|Any CPU.Build.0 = Debug|Any CPU
		{3A33A315-47F6-4597-8F5E-C0F352771132}.Release|Any CPU.ActiveCfg = Release|Any CPU
		{3A33A315-47F6-4597-8F5E-C0F352771132}.Release|Any CPU.Build.0 = Release|Any CPU
	EndGlobalSection
	GlobalSection(SolutionProperties) = preSolution
		HideSolutionNode = FALSE
	EndGlobalSection
	GlobalSection(ExtensibilityGlobals) = postSolution
		SolutionGuid = {E207F68A-4A16-4070-AD3E-EEA90A043EE1}
	EndGlobalSection
	GlobalSection(MonoDevelopProperties) = preSolution
		version = 1.0.0
	EndGlobalSection
EndGlobal
